
Microsoft Visual Studio Solution File, Format Version 12.00
# Visual Studio Version 17
VisualStudioVersion = 17.3.32929.385
MinimumVisualStudioVersion = 10.0.40219.1
Project("{FAE04EC0-301F-11D3-BF4B-00C04F79EFBC}") = "proyecto final 2 gonzalo", "proyecto final 2 gonzalo\proyecto final 2 gonzalo.csproj", "{CD02C8D8-7251-49A8-9D61-D12E1AC558D9}"
EndProject
Global
	GlobalSection(SolutionConfigurationPlatforms) = preSolution
		Debug|Any CPU = Debug|Any CPU
		Release|Any CPU = Release|Any CPU
	EndGlobalSection
	GlobalSection(ProjectConfigurationPlatforms) = postSolution
		{CD02C8D8-7251-49A8-9D61-D12E1AC558D9}.Debug|Any CPU.ActiveCfg = Debug|Any CPU
		{CD02C8D8-7251-49A8-9D61-D12E1AC558D9}.Debug|Any CPU.Build.0 = Debug|Any CPU
		{CD02C8D8-7251-49A8-9D61-D12E1AC558D9}.Release|Any CPU.ActiveCfg = Release|Any CPU
		{CD02C8D8-7251-49A8-9D61-D12E1AC558D9}.Release|Any CPU.Build.0 = Release|Any CPU
	EndGlobalSection
	GlobalSection(SolutionProperties) = preSolution
		HideSolutionNode = FALSE
	EndGlobalSection
	GlobalSection(ExtensibilityGlobals) = postSolution
		SolutionGuid = {E3C52C7C-3CFA-4CDE-8A71-F19F0C2DB54C}
	EndGlobalSection
EndGlobal
